<?xml version="1.0" encoding="utf-8"?>
<Project ToolsVersion="4.0" xmlns="http://schemas.microsoft.com/developer/msbuild/2003">
  <ItemGroup>
    <Filter Include="Исходные файлы">
      <UniqueIdentifier>{4FC737F1-C7A5-4376-A066-2A32D752A2FF}</UniqueIdentifier>
      <Extensions>cpp;c;cc;cxx;def;odl;idl;hpj;bat;asm;asmx</Extensions>
    </Filter>
    <Filter Include="Файлы заголовков">
      <UniqueIdentifier>{93995380-89BD-4b04-88EB-625FBE52EBFB}</UniqueIdentifier>
      <Extensions>h;hh;hpp;hxx;hm;inl;inc;ipp;xsd</Extensions>
    </Filter>
    <Filter Include="Файлы ресурсов">
      <UniqueIdentifier>{67DA6AB6-F800-4c08-8B7A-83BB121AAD01}</UniqueIdentifier>
      <Extensions>rc;ico;cur;bmp;dlg;rc2;rct;bin;rgs;gif;jpg;jpeg;jpe;resx;tiff;tif;png;wav;mfcribbon-ms</Extensions>
    </Filter>
    <Filter Include="Файлы заголовков\meshes">
      <UniqueIdentifier>{7d8f6a3b-d596-4dea-8a02-4627e4f337d0}</UniqueIdentifier>
    </Filter>
    <Filter Include="Файлы заголовков\sections">
      <UniqueIdentifier>{9b186f92-ebb9-4664-95ae-bcfbbbf4427e}</UniqueIdentifier>
    </Filter>
    <Filter Include="Файлы заголовков\parts">
      <UniqueIdentifier>{0c26c60e-889b-42cf-9ccb-5ccdf8bca0e6}</UniqueIdentifier>
    </Filter>
  </ItemGroup>
  <ItemGroup>
    <ClInclude Include="vect.hpp">
      <Filter>Файлы заголовков</Filter>
    </ClInclude>
    <ClInclude Include="interface.h">
      <Filter>Файлы заголовков</Filter>
    </ClInclude>
    <ClInclude Include="stdafx.h">
      <Filter>Файлы заголовков</Filter>
    </ClInclude>
    <ClInclude Include="json-deserializer.hpp">
      <Filter>Файлы заголовков</Filter>
    </ClInclude>
    <ClInclude Include="meshes\combined-mesh.hpp">
      <Filter>Файлы заголовков\meshes</Filter>
    </ClInclude>
    <ClInclude Include="meshes\pipe-mesh.hpp">
      <Filter>Файлы заголовков\meshes</Filter>
    </ClInclude>
    <ClInclude Include="meshes\tridimensional-mesh.hpp">
      <Filter>Файлы заголовков\meshes</Filter>
    </ClInclude>
    <ClInclude Include="sections\pipe-section.hpp">
      <Filter>Файлы заголовков\sections</Filter>
    </ClInclude>
    <ClInclude Include="sections\round-section.hpp">
      <Filter>Файлы заголовков\sections</Filter>
    </ClInclude>
    <ClInclude Include="sections\square-section.hpp">
      <Filter>Файлы заголовков\sections</Filter>
    </ClInclude>
    <ClInclude Include="parts\bending-part.hpp">
      <Filter>Файлы заголовков\parts</Filter>
    </ClInclude>
    <ClInclude Include="parts\straight-part.hpp">
      <Filter>Файлы заголовков\parts</Filter>
    </ClInclude>
    <ClInclude Include="parts\tube-part.hpp">
      <Filter>Файлы заголовков\parts</Filter>
    </ClInclude>
  </ItemGroup>
  <ItemGroup>
    <ClCompile Include="main.cpp">
      <Filter>Исходные файлы</Filter>
    </ClCompile>
  </ItemGroup>
  <ItemGroup>
    <None Include="config.json">
      <Filter>Файлы ресурсов</Filter>
    </None>
  </ItemGroup>
</Project>